// !$*UTF8*$!
{
	archiveVersion = 1;
	classes = {
	};
	objectVersion = 77;
	objects = {

/* Begin PBXContainerItemProxy section */
		FFB4A3D82E4EABCC00F3C734 /* PBXContainerItemProxy */ = {
			isa = PBXContainerItemProxy;
			containerPortal = FFB4A3B92E4EABBA00F3C734 /* Project object */;
			proxyType = 1;
			remoteGlobalIDString = FFB4A3C02E4EABBB00F3C734;
			remoteInfo = codepath_prework_ios;
		};
		FFB4A3E22E4EABCC00F3C734 /* PBXContainerItemProxy */ = {
			isa = PBXContainerItemProxy;
			containerPortal = FFB4A3B92E4EABBA00F3C734 /* Project object */;
			proxyType = 1;
			remoteGlobalIDString = FFB4A3C02E4EABBB00F3C734;
			remoteInfo = codepath_prework_ios;
		};
/* End PBXContainerItemProxy section */

/* Begin PBXFileReference section */
		FFB4A3C12E4EABBB00F3C734 /* codepath_prework_ios.app */ = {isa = PBXFileReference; explicitFileType = wrapper.application; includeInIndex = 0; path = codepath_prework_ios.app; sourceTree = BUILT_PRODUCTS_DIR; };
		FFB4A3D72E4EABCC00F3C734 /* codepath_prework_iosTests.xctest */ = {isa = PBXFileReference; explicitFileType = wrapper.cfbundle; includeInIndex = 0; path = codepath_prework_iosTests.xctest; sourceTree = BUILT_PRODUCTS_DIR; };
		FFB4A3E12E4EABCC00F3C734 /* codepath_prework_iosUITests.xctest */ = {isa = PBXFileReference; explicitFileType = wrapper.cfbundle; includeInIndex = 0; path = codepath_prework_iosUITests.xctest; sourceTree = BUILT_PRODUCTS_DIR; };
/* End PBXFileReference section */

/* Begin PBXFileSystemSynchronizedBuildFileExceptionSet section */
		FFB4A3E92E4EABCC00F3C734 /* Exceptions for "codepath_prework_ios" folder in "codepath_prework_ios" target */ = {
			isa = PBXFileSystemSynchronizedBuildFileExceptionSet;
			membershipExceptions = (
				Info.plist,
			);
			target = FFB4A3C02E4EABBB00F3C734 /* codepath_prework_ios */;
		};
/* End PBXFileSystemSynchronizedBuildFileExceptionSet section */

/* Begin PBXFileSystemSynchronizedRootGroup section */
		FFB4A3C32E4EABBB00F3C734 /* codepath_prework_ios */ = {
			isa = PBXFileSystemSynchronizedRootGroup;
			exceptions = (
				FFB4A3E92E4EABCC00F3C734 /* Exceptions for "codepath_prework_ios" folder in "codepath_prework_ios" target */,
			);
			path = codepath_prework_ios;
			sourceTree = "<group>";
		};
		FFB4A3DA2E4EABCC00F3C734 /* codepath_prework_iosTests */ = {
			isa = PBXFileSystemSynchronizedRootGroup;
			path = codepath_prework_iosTests;
			sourceTree = "<group>";
		};
		FFB4A3E42E4EABCC00F3C734 /* codepath_prework_iosUITests */ = {
			isa = PBXFileSystemSynchronizedRootGroup;
			path = codepath_prework_iosUITests;
			sourceTree = "<group>";
		};
/* End PBXFileSystemSynchronizedRootGroup section */

/* Begin PBXFrameworksBuildPhase section */
		FFB4A3BE2E4EABBB00F3C734 /* Frameworks */ = {
			isa = PBXFrameworksBuildPhase;
			buildActionMask = 2147483647;
			files = (
			);
			runOnlyForDeploymentPostprocessing = 0;
		};
		FFB4A3D42E4EABCC00F3C734 /* Frameworks */ = {
			isa = PBXFrameworksBuildPhase;
			buildActionMask = 2147483647;
			files = (
			);
			runOnlyForDeploymentPostprocessing = 0;
		};
		FFB4A3DE2E4EABCC00F3C734 /* Frameworks */ = {
			isa = PBXFrameworksBuildPhase;
			buildActionMask = 2147483647;
			files = (
			);
			runOnlyForDeploymentPostprocessing = 0;
		};
/* End PBXFrameworksBuildPhase section */

/* Begin PBXGroup section */
		FFB4A3B82E4EABB900F3C734 = {
			isa = PBXGroup;
			children = (
				FFB4A3C32E4EABBB00F3C734 /* codepath_prework_ios */,
				FFB4A3DA2E4EABCC00F3C734 /* codepath_prework_iosTests */,
				FFB4A3E42E4EABCC00F3C734 /* codepath_prework_iosUITests */,
				FFB4A3C22E4EABBB00F3C734 /* Products */,
			);
			sourceTree = "<group>";
		};
		FFB4A3C22E4EABBB00F3C734 /* Products */ = {
			isa = PBXGroup;
			children = (
				FFB4A3C12E4EABBB00F3C734 /* codepath_prework_ios.app */,
				FFB4A3D72E4EABCC00F3C734 /* codepath_prework_iosTests.xctest */,
				FFB4A3E12E4EABCC00F3C734 /* codepath_prework_iosUITests.xctest */,
			);
			name = Products;
			sourceTree = "<group>";
		};
/* End PBXGroup section */

/* Begin PBXNativeTarget section */
		FFB4A3C02E4EABBB00F3C734 /* codepath_prework_ios */ = {
			isa = PBXNativeTarget;
			buildConfigurationList = FFB4A3EA2E4EABCC00F3C734 /* Build configuration list for PBXNativeTarget "codepath_prework_ios" */;
			buildPhases = (
				FFB4A3BD2E4EABBB00F3C734 /* Sources */,
				FFB4A3BE2E4EABBB00F3C734 /* Frameworks */,
				FFB4A3BF2E4EABBB00F3C734 /* Resources */,
			);
			buildRules = (
			);
			dependencies = (
			);
			fileSystemSynchronizedGroups = (
				FFB4A3C32E4EABBB00F3C734 /* codepath_prework_ios */,
			);
			name = codepath_prework_ios;
			packageProductDependencies = (
			);
			productName = codepath_prework_ios;
			productReference = FFB4A3C12E4EABBB00F3C734 /* codepath_prework_ios.app */;
			productType = "com.apple.product-type.application";
		};
		FFB4A3D62E4EABCC00F3C734 /* codepath_prework_iosTests */ = {
			isa = PBXNativeTarget;
			buildConfigurationList = FFB4A3EF2E4EABCC00F3C734 /* Build configuration list for PBXNativeTarget "codepath_prework_iosTests" */;
			buildPhases = (
				FFB4A3D32E4EABCC00F3C734 /* Sources */,
				FFB4A3D42E4EABCC00F3C734 /* Frameworks */,
				FFB4A3D52E4EABCC00F3C734 /* Resources */,
			);
			buildRules = (
			);
			dependencies = (
				FFB4A3D92E4EABCC00F3C734 /* PBXTargetDependency */,
			);
			fileSystemSynchronizedGroups = (
				FFB4A3DA2E4EABCC00F3C734 /* codepath_prework_iosTests */,
			);
			name = codepath_prework_iosTests;
			packageProductDependencies = (
			);
			productName = codepath_prework_iosTests;
			productReference = FFB4A3D72E4EABCC00F3C734 /* codepath_prework_iosTests.xctest */;
			productType = "com.apple.product-type.bundle.unit-test";
		};
		FFB4A3E02E4EABCC00F3C734 /* codepath_prework_iosUITests */ = {
			isa = PBXNativeTarget;
			buildConfigurationList = FFB4A3F22E4EABCC00F3C734 /* Build configuration list for PBXNativeTarget "codepath_prework_iosUITests" */;
			buildPhases = (
				FFB4A3DD2E4EABCC00F3C734 /* Sources */,
				FFB4A3DE2E4EABCC00F3C734 /* Frameworks */,
				FFB4A3DF2E4EABCC00F3C734 /* Resources */,
			);
			buildRules = (
			);
			dependencies = (
				FFB4A3E32E4EABCC00F3C734 /* PBXTargetDependency */,
			);
			fileSystemSynchronizedGroups = (
				FFB4A3E42E4EABCC00F3C734 /* codepath_prework_iosUITests */,
			);
			name = codepath_prework_iosUITests;
			packageProductDependencies = (
			);
			productName = codepath_prework_iosUITests;
			productReference = FFB4A3E12E4EABCC00F3C734 /* codepath_prework_iosUITests.xctest */;
			productType = "com.apple.product-type.bundle.ui-testing";
		};
/* End PBXNativeTarget section */

/* Begin PBXProject section */
		FFB4A3B92E4EABBA00F3C734 /* Project object */ = {
			isa = PBXProject;
			attributes = {
				BuildIndependentTargetsInParallel = 1;
				LastSwiftUpdateCheck = 1640;
				LastUpgradeCheck = 1640;
				TargetAttributes = {
					FFB4A3C02E4EABBB00F3C734 = {
						CreatedOnToolsVersion = 16.4;
					};
					FFB4A3D62E4EABCC00F3C734 = {
						CreatedOnToolsVersion = 16.4;
						TestTargetID = FFB4A3C02E4EABBB00F3C734;
					};
					FFB4A3E02E4EABCC00F3C734 = {
						CreatedOnToolsVersion = 16.4;
						TestTargetID = FFB4A3C02E4EABBB00F3C734;
					};
				};
			};
			buildConfigurationList = FFB4A3BC2E4EABBB00F3C734 /* Build configuration list for PBXProject "codepath_prework_ios" */;
			developmentRegion = en;
			hasScannedForEncodings = 0;
			knownRegions = (
				en,
				Base,
			);
			mainGroup = FFB4A3B82E4EABB900F3C734;
			minimizedProjectReferenceProxies = 1;
			preferredProjectObjectVersion = 77;
			productRefGroup = FFB4A3C22E4EABBB00F3C734 /* Products */;
			projectDirPath = "";
			projectRoot = "";
			targets = (
				FFB4A3C02E4EABBB00F3C734 /* codepath_prework_ios */,
				FFB4A3D62E4EABCC00F3C734 /* codepath_prework_iosTests */,
				FFB4A3E02E4EABCC00F3C734 /* codepath_prework_iosUITests */,
			);
		};
/* End PBXProject section */

/* Begin PBXResourcesBuildPhase section */
		FFB4A3BF2E4EABBB00F3C734 /* Resources */ = {
			isa = PBXResourcesBuildPhase;
			buildActionMask = 2147483647;
			files = (
			);
			runOnlyForDeploymentPostprocessing = 0;
		};
		FFB4A3D52E4EABCC00F3C734 /* Resources */ = {
			isa = PBXResourcesBuildPhase;
			buildActionMask = 2147483647;
			files = (
			);
			runOnlyForDeploymentPostprocessing = 0;
		};
		FFB4A3DF2E4EABCC00F3C734 /* Resources */ = {
			isa = PBXResourcesBuildPhase;
			buildActionMask = 2147483647;
			files = (
			);
			runOnlyForDeploymentPostprocessing = 0;
		};
/* End PBXResourcesBuildPhase section */

/* Begin PBXSourcesBuildPhase section */
		FFB4A3BD2E4EABBB00F3C734 /* Sources */ = {
			isa = PBXSourcesBuildPhase;
			buildActionMask = 2147483647;
			files = (
			);
			runOnlyForDeploymentPostprocessing = 0;
		};
		FFB4A3D32E4EABCC00F3C734 /* Sources */ = {
			isa = PBXSourcesBuildPhase;
			buildActionMask = 2147483647;
			files = (
			);
			runOnlyForDeploymentPostprocessing = 0;
		};
		FFB4A3DD2E4EABCC00F3C734 /* Sources */ = {
			isa = PBXSourcesBuildPhase;
			buildActionMask = 2147483647;
			files = (
			);
			runOnlyForDeploymentPostprocessing = 0;
		};
/* End PBXSourcesBuildPhase section */

/* Begin PBXTargetDependency section */
		FFB4A3D92E4EABCC00F3C734 /* PBXTargetDependency */ = {
			isa = PBXTargetDependency;
			target = FFB4A3C02E4EABBB00F3C734 /* codepath_prework_ios */;
			targetProxy = FFB4A3D82E4EABCC00F3C734 /* PBXContainerItemProxy */;
		};
		FFB4A3E32E4EABCC00F3C734 /* PBXTargetDependency */ = {
			isa = PBXTargetDependency;
			target = FFB4A3C02E4EABBB00F3C734 /* codepath_prework_ios */;
			targetProxy = FFB4A3E22E4EABCC00F3C734 /* PBXContainerItemProxy */;
		};
/* End PBXTargetDependency section */

/* Begin XCBuildConfiguration section */
		FFB4A3EB2E4EABCC00F3C734 /* Debug */ = {
			isa = XCBuildConfiguration;
			buildSettings = {
				ASSETCATALOG_COMPILER_APPICON_NAME = AppIcon;
				ASSETCATALOG_COMPILER_GLOBAL_ACCENT_COLOR_NAME = AccentColor;
				CODE_SIGN_STYLE = Automatic;
				CURRENT_PROJECT_VERSION = 1;
				GENERATE_INFOPLIST_FILE = YES;
				INFOPLIST_FILE = codepath_prework_ios/Info.plist;
				INFOPLIST_KEY_UIApplicationSupportsIndirectInputEvents = YES;
				INFOPLIST_KEY_UILaunchStoryboardName = LaunchScreen;
				INFOPLIST_KEY_UIMainStoryboardFile = Main;
				INFOPLIST_KEY_UISupportedInterfaceOrientations_iPad = "UIInterfaceOrientationPortrait UIInterfaceOrientationPortraitUpsideDown UIInterfaceOrientationLandscapeLeft UIInterfaceOrientationLandscapeRight";
				INFOPLIST_KEY_UISupportedInterfaceOrientations_iPhone = "UIInterfaceOrientationPortrait UIInterfaceOrientationLandscapeLeft UIInterfaceOrientationLandscapeRight";
				LD_RUNPATH_SEARCH_PATHS = (
					"$(inherited)",
					"@executable_path/Frameworks",
				);
				MARKETING_VERSION = 1.0;
				PRODUCT_BUNDLE_IDENTIFIER = "CodePath.codepath-prework-ios";
				PRODUCT_NAME = "$(TARGET_NAME)";
				SWIFT_EMIT_LOC_STRINGS = YES;
				SWIFT_VERSION = 5.0;
				TARGETED_DEVICE_FAMILY = "1,2";
			};
			name = Debug;
		};
		FFB4A3EC2E4EABCC00F3C734 /* Release */ = {
			isa = XCBuildConfiguration;
			buildSettings = {
				ASSETCATALOG_COMPILER_APPICON_NAME = AppIcon;
				ASSETCATALOG_COMPILER_GLOBAL_ACCENT_COLOR_NAME = AccentColor;
				CODE_SIGN_STYLE = Automatic;
				CURRENT_PROJECT_VERSION = 1;
				GENERATE_INFOPLIST_FILE = YES;
				INFOPLIST_FILE = codepath_prework_ios/Info.plist;
				INFOPLIST_KEY_UIApplicationSupportsIndirectInputEvents = YES;
				INFOPLIST_KEY_UILaunchStoryboardName = LaunchScreen;
				INFOPLIST_KEY_UIMainStoryboardFile = Main;
				INFOPLIST_KEY_UISupportedInterfaceOrientations_iPad = "UIInterfaceOrientationPortrait UIInterfaceOrientationPortraitUpsideDown UIInterfaceOrientationLandscapeLeft UIInterfaceOrientationLandscapeRight";
				INFOPLIST_KEY_UISupportedInterfaceOrientations_iPhone = "UIInterfaceOrientationPortrait UIInterfaceOrientationLandscapeLeft UIInterfaceOrientationLandscapeRight";
				LD_RUNPATH_SEARCH_PATHS = (
					"$(inherited)",
					"@executable_path/Frameworks",
				);
				MARKETING_VERSION = 1.0;
				PRODUCT_BUNDLE_IDENTIFIER = "CodePath.codepath-prework-ios";
				PRODUCT_NAME = "$(TARGET_NAME)";
				SWIFT_EMIT_LOC_STRINGS = YES;
				SWIFT_VERSION = 5.0;
				TARGETED_DEVICE_FAMILY = "1,2";
			};
			name = Release;
		};
		FFB4A3ED2E4EABCC00F3C734 /* Debug */ = {
			isa = XCBuildConfiguration;
			buildSettings = {
				ALWAYS_SEARCH_USER_PATHS = NO;
				ASSETCATALOG_COMPILER_GENERATE_SWIFT_ASSET_SYMBOL_EXTENSIONS = YES;
				CLANG_ANALYZER_NONNULL = YES;
				CLANG_ANALYZER_NUMBER_OBJECT_CONVERSION = YES_AGGRESSIVE;
				CLANG_CXX_LANGUAGE_STANDARD = "gnu++20";
				CLANG_ENABLE_MODULES = YES;
				CLANG_ENABLE_OBJC_ARC = YES;
				CLANG_ENABLE_OBJC_WEAK = YES;
				CLANG_WARN_BLOCK_CAPTURE_AUTORELEASING = YES;
				CLANG_WARN_BOOL_CONVERSION = YES;
				CLANG_WARN_COMMA = YES;
				CLANG_WARN_CONSTANT_CONVERSION = YES;
				CLANG_WARN_DEPRECATED_OBJC_IMPLEMENTATIONS = YES;
				CLANG_WARN_DIRECT_OBJC_ISA_USAGE = YES_ERROR;
				CLANG_WARN_DOCUMENTATION_COMMENTS = YES;
				CLANG_WARN_EMPTY_BODY = YES;
				CLANG_WARN_ENUM_CONVERSION = YES;
				CLANG_WARN_INFINITE_RECURSION = YES;
				CLANG_WARN_INT_CONVERSION = YES;
				CLANG_WARN_NON_LITERAL_NULL_CONVERSION = YES;
				CLANG_WARN_OBJC_IMPLICIT_RETAIN_SELF = YES;
				CLANG_WARN_OBJC_LITERAL_CONVERSION = YES;
				CLANG_WARN_OBJC_ROOT_CLASS = YES_ERROR;
				CLANG_WARN_QUOTED_INCLUDE_IN_FRAMEWORK_HEADER = YES;
				CLANG_WARN_RANGE_LOOP_ANALYSIS = YES;
				CLANG_WARN_STRICT_PROTOTYPES = YES;
				CLANG_WARN_SUSPICIOUS_MOVE = YES;
				CLANG_WARN_UNGUARDED_AVAILABILITY = YES_AGGRESSIVE;
				CLANG_WARN_UNREACHABLE_CODE = YES;
				CLANG_WARN__DUPLICATE_METHOD_MATCH = YES;
				COPY_PHASE_STRIP = NO;
				DEBUG_INFORMATION_FORMAT = dwarf;
				ENABLE_STRICT_OBJC_MSGSEND = YES;
				ENABLE_TESTABILITY = YES;
				ENABLE_USER_SCRIPT_SANDBOXING = YES;
				GCC_C_LANGUAGE_STANDARD = gnu17;
				GCC_DYNAMIC_NO_PIC = NO;
				GCC_NO_COMMON_BLOCKS = YES;
				GCC_OPTIMIZATION_LEVEL = 0;
				GCC_PREPROCESSOR_DEFINITIONS = (
					"DEBUG=1",
					"$(inherited)",
				);
				GCC_WARN_64_TO_32_BIT_CONVERSION = YES;
				GCC_WARN_ABOUT_RETURN_TYPE = YES_ERROR;
				GCC_WARN_UNDECLARED_SELECTOR = YES;
				GCC_WARN_UNINITIALIZED_AUTOS = YES_AGGRESSIVE;
				GCC_WARN_UNUSED_FUNCTION = YES;
				GCC_WARN_UNUSED_VARIABLE = YES;
				IPHONEOS_DEPLOYMENT_TARGET = 18.5;
				LOCALIZATION_PREFERS_STRING_CATALOGS = YES;
				MTL_ENABLE_DEBUG_INFO = INCLUDE_SOURCE;
				MTL_FAST_MATH = YES;
				ONLY_ACTIVE_ARCH = YES;
				SDKROOT = iphoneos;
				SWIFT_ACTIVE_COMPILATION_CONDITIONS = "DEBUG $(inherited)";
				SWIFT_OPTIMIZATION_LEVEL = "-Onone";
			};
			name = Debug;
		};
		FFB4A3EE2E4EABCC00F3C734 /* Release */ = {
			isa = XCBuildConfiguration;
			buildSettings = {
				ALWAYS_SEARCH_USER_PATHS = NO;
				ASSETCATALOG_COMPILER_GENERATE_SWIFT_ASSET_SYMBOL_EXTENSIONS = YES;
				CLANG_ANALYZER_NONNULL = YES;
				CLANG_ANALYZER_NUMBER_OBJECT_CONVERSION = YES_AGGRESSIVE;
				CLANG_CXX_LANGUAGE_STANDARD = "gnu++20";
				CLANG_ENABLE_MODULES = YES;
				CLANG_ENABLE_OBJC_ARC = YES;
				CLANG_ENABLE_OBJC_WEAK = YES;
				CLANG_WARN_BLOCK_CAPTURE_AUTORELEASING = YES;
				CLANG_WARN_BOOL_CONVERSION = YES;
				CLANG_WARN_COMMA = YES;
				CLANG_WARN_CONSTANT_CONVERSION = YES;
				CLANG_WARN_DEPRECATED_OBJC_IMPLEMENTATIONS = YES;
				CLANG_WARN_DIRECT_OBJC_ISA_USAGE = YES_ERROR;
				CLANG_WARN_DOCUMENTATION_COMMENTS = YES;
				CLANG_WARN_EMPTY_BODY = YES;
				CLANG_WARN_ENUM_CONVERSION = YES;
				CLANG_WARN_INFINITE_RECURSION = YES;
				CLANG_WARN_INT_CONVERSION = YES;
				CLANG_WARN_NON_LITERAL_NULL_CONVERSION = YES;
				CLANG_WARN_OBJC_IMPLICIT_RETAIN_SELF = YES;
				CLANG_WARN_OBJC_LITERAL_CONVERSION = YES;
				CLANG_WARN_OBJC_ROOT_CLASS = YES_ERROR;
				CLANG_WARN_QUOTED_INCLUDE_IN_FRAMEWORK_HEADER = YES;
				CLANG_WARN_RANGE_LOOP_ANALYSIS = YES;
				CLANG_WARN_STRICT_PROTOTYPES = YES;
				CLANG_WARN_SUSPICIOUS_MOVE = YES;
				CLANG_WARN_UNGUARDED_AVAILABILITY = YES_AGGRESSIVE;
				CLANG_WARN_UNREACHABLE_CODE = YES;
				CLANG_WARN__DUPLICATE_METHOD_MATCH = YES;
				COPY_PHASE_STRIP = NO;
				DEBUG_INFORMATION_FORMAT = "dwarf-with-dsym";
				ENABLE_NS_ASSERTIONS = NO;
				ENABLE_STRICT_OBJC_MSGSEND = YES;
				ENABLE_USER_SCRIPT_SANDBOXING = YES;
				GCC_C_LANGUAGE_STANDARD = gnu17;
				GCC_NO_COMMON_BLOCKS = YES;
				GCC_WARN_64_TO_32_BIT_CONVERSION = YES;
				GCC_WARN_ABOUT_RETURN_TYPE = YES_ERROR;
				GCC_WARN_UNDECLARED_SELECTOR = YES;
				GCC_WARN_UNINITIALIZED_AUTOS = YES_AGGRESSIVE;
				GCC_WARN_UNUSED_FUNCTION = YES;
				GCC_WARN_UNUSED_VARIABLE = YES;
				IPHONEOS_DEPLOYMENT_TARGET = 18.5;
				LOCALIZATION_PREFERS_STRING_CATALOGS = YES;
				MTL_ENABLE_DEBUG_INFO = NO;
				MTL_FAST_MATH = YES;
				SDKROOT = iphoneos;
				SWIFT_COMPILATION_MODE = wholemodule;
				VALIDATE_PRODUCT = YES;
			};
			name = Release;
		};
		FFB4A3F02E4EABCC00F3C734 /* Debug */ = {
			isa = XCBuildConfiguration;
			buildSettings = {
				BUNDLE_LOADER = "$(TEST_HOST)";
				CODE_SIGN_STYLE = Automatic;
				CURRENT_PROJECT_VERSION = 1;
				GENERATE_INFOPLIST_FILE = YES;
				IPHONEOS_DEPLOYMENT_TARGET = 18.5;
				MARKETING_VERSION = 1.0;
				PRODUCT_BUNDLE_IDENTIFIER = "CodePath.codepath-prework-iosTests";
				PRODUCT_NAME = "$(TARGET_NAME)";
				SWIFT_EMIT_LOC_STRINGS = NO;
				SWIFT_VERSION = 5.0;
				TARGETED_DEVICE_FAMILY = "1,2";
				TEST_HOST = "$(BUILT_PRODUCTS_DIR)/codepath_prework_ios.app/$(BUNDLE_EXECUTABLE_FOLDER_PATH)/codepath_prework_ios";
			};
			name = Debug;
		};
		FFB4A3F12E4EABCC00F3C734 /* Release */ = {
			isa = XCBuildConfiguration;
			buildSettings = {
				BUNDLE_LOADER = "$(TEST_HOST)";
				CODE_SIGN_STYLE = Automatic;
				CURRENT_PROJECT_VERSION = 1;
				GENERATE_INFOPLIST_FILE = YES;
				IPHONEOS_DEPLOYMENT_TARGET = 18.5;
				MARKETING_VERSION = 1.0;
				PRODUCT_BUNDLE_IDENTIFIER = "CodePath.codepath-prework-iosTests";
				PRODUCT_NAME = "$(TARGET_NAME)";
				SWIFT_EMIT_LOC_STRINGS = NO;
				SWIFT_VERSION = 5.0;
				TARGETED_DEVICE_FAMILY = "1,2";
				TEST_HOST = "$(BUILT_PRODUCTS_DIR)/codepath_prework_ios.app/$(BUNDLE_EXECUTABLE_FOLDER_PATH)/codepath_prework_ios";
			};
			name = Release;
		};
		FFB4A3F32E4EABCC00F3C734 /* Debug */ = {
			isa = XCBuildConfiguration;
			buildSettings = {
				CODE_SIGN_STYLE = Automatic;
				CURRENT_PROJECT_VERSION = 1;
				GENERATE_INFOPLIST_FILE = YES;
				MARKETING_VERSION = 1.0;
				PRODUCT_BUNDLE_IDENTIFIER = "CodePath.codepath-prework-iosUITests";
				PRODUCT_NAME = "$(TARGET_NAME)";
				SWIFT_EMIT_LOC_STRINGS = NO;
				SWIFT_VERSION = 5.0;
				TARGETED_DEVICE_FAMILY = "1,2";
				TEST_TARGET_NAME = codepath_prework_ios;
			};
			name = Debug;
		};
		FFB4A3F42E4EABCC00F3C734 /* Release */ = {
			isa = XCBuildConfiguration;
			buildSettings = {
				CODE_SIGN_STYLE = Automatic;
				CURRENT_PROJECT_VERSION = 1;
				GENERATE_INFOPLIST_FILE = YES;
				MARKETING_VERSION = 1.0;
				PRODUCT_BUNDLE_IDENTIFIER = "CodePath.codepath-prework-iosUITests";
				PRODUCT_NAME = "$(TARGET_NAME)";
				SWIFT_EMIT_LOC_STRINGS = NO;
				SWIFT_VERSION = 5.0;
				TARGETED_DEVICE_FAMILY = "1,2";
				TEST_TARGET_NAME = codepath_prework_ios;
			};
			name = Release;
		};
/* End XCBuildConfiguration section */

/* Begin XCConfigurationList section */
		FFB4A3BC2E4EABBB00F3C734 /* Build configuration list for PBXProject "codepath_prework_ios" */ = {
			isa = XCConfigurationList;
			buildConfigurations = (
				FFB4A3ED2E4EABCC00F3C734 /* Debug */,
				FFB4A3EE2E4EABCC00F3C734 /* Release */,
			);
			defaultConfigurationIsVisible = 0;
			defaultConfigurationName = Release;
		};
		FFB4A3EA2E4EABCC00F3C734 /* Build configuration list for PBXNativeTarget "codepath_prework_ios" */ = {
			isa = XCConfigurationList;
			buildConfigurations = (
				FFB4A3EB2E4EABCC00F3C734 /* Debug */,
				FFB4A3EC2E4EABCC00F3C734 /* Release */,
			);
			defaultConfigurationIsVisible = 0;
			defaultConfigurationName = Release;
		};
		FFB4A3EF2E4EABCC00F3C734 /* Build configuration list for PBXNativeTarget "codepath_prework_iosTests" */ = {
			isa = XCConfigurationList;
			buildConfigurations = (
				FFB4A3F02E4EABCC00F3C734 /* Debug */,
				FFB4A3F12E4EABCC00F3C734 /* Release */,
			);
			defaultConfigurationIsVisible = 0;
			defaultConfigurationName = Release;
		};
		FFB4A3F22E4EABCC00F3C734 /* Build configuration list for PBXNativeTarget "codepath_prework_iosUITests" */ = {
			isa = XCConfigurationList;
			buildConfigurations = (
				FFB4A3F32E4EABCC00F3C734 /* Debug */,
				FFB4A3F42E4EABCC00F3C734 /* Release */,
			);
			defaultConfigurationIsVisible = 0;
			defaultConfigurationName = Release;
		};
/* End XCConfigurationList section */
	};
	rootObject = FFB4A3B92E4EABBA00F3C734 /* Project object */;
}
